
Microsoft Visual Studio Solution File, Format Version 12.00
# Visual Studio Version 17
VisualStudioVersion = 17.2.32630.192
MinimumVisualStudioVersion = 10.0.40219.1
Project("{8BC9CEB8-8B4A-11D0-8D11-00A0C91BC942}") = "SDK_Custom_Import", "..\SDK_Custom_Import\SDK_Custom_Import.vcxproj", "{5E4334B0-CB9F-4132-AF8F-FAFC1A148FE7}"
EndProject
Project("{8BC9CEB8-8B4A-11D0-8D11-00A0C91BC942}") = "SDK_File_Import", "..\SDK_File_Import\SDK_File_Import.vcxproj", "{8C4F19A7-759E-4D52-BAEC-7ADF50FBFE8F}"
EndProject
Project("{8BC9CEB8-8B4A-11D0-8D11-00A0C91BC942}") = "Synth_Import", "..\Synth_Import\Synth_Import.vcxproj", "{C4E8ED8E-0C3D-4CC6-97B9-B19C2771CFF5}"
EndProject
Project("{8BC9CEB8-8B4A-11D0-8D11-00A0C91BC942}") = "SDK_Exporter", "..\SDK_Exporter\SDK_Exporter.vcxproj", "{DD838C84-D95F-4F70-9BB8-D8CC64EC1786}"
EndProject
Project("{8BC9CEB8-8B4A-11D0-8D11-00A0C91BC942}") = "ExportController", "..\ExportController\ExportController.vcxproj", "{577F3B6D-9DD2-492F-B8BA-9E11D4F675F0}"
EndProject
Project("{8BC9CEB8-8B4A-11D0-8D11-00A0C91BC942}") = "Transmitter", "..\Transmitter\Transmitter.vcxproj", "{353F40DF-016A-4C2C-9E73-ADC3EADB3B8A}"
EndProject
Project("{8BC9CEB8-8B4A-11D0-8D11-00A0C91BC942}") = "ControlSurface", "..\ControlSurface\ControlSurface.vcxproj", "{D2C956A0-CD9A-4A4D-8979-19C80735FBA5}"
EndProject
Project("{2150E333-8FDC-42A3-9474-1A3956D46DE8}") = "Importers", "Importers", "{4CFC1B42-B626-4CDE-914C-B9441DC26F23}"
EndProject
Global
	GlobalSection(SolutionConfigurationPlatforms) = preSolution
		Debug|ARM64 = Debug|ARM64
		Debug|x64 = Debug|x64
		Release|ARM64 = Release|ARM64
		Release|x64 = Release|x64
	EndGlobalSection
	GlobalSection(ProjectConfigurationPlatforms) = postSolution
		{5E4334B0-CB9F-4132-AF8F-FAFC1A148FE7}.Debug|ARM64.ActiveCfg = Debug|ARM64
		{5E4334B0-CB9F-4132-AF8F-FAFC1A148FE7}.Debug|ARM64.Build.0 = Debug|ARM64
		{5E4334B0-CB9F-4132-AF8F-FAFC1A148FE7}.Debug|x64.ActiveCfg = Debug|x64
		{5E4334B0-CB9F-4132-AF8F-FAFC1A148FE7}.Debug|x64.Build.0 = Debug|x64
		{5E4334B0-CB9F-4132-AF8F-FAFC1A148FE7}.Release|ARM64.ActiveCfg = Release|ARM64
		{5E4334B0-CB9F-4132-AF8F-FAFC1A148FE7}.Release|ARM64.Build.0 = Release|ARM64
		{5E4334B0-CB9F-4132-AF8F-FAFC1A148FE7}.Release|x64.ActiveCfg = Release|x64
		{5E4334B0-CB9F-4132-AF8F-FAFC1A148FE7}.Release|x64.Build.0 = Release|x64
		{8C4F19A7-759E-4D52-BAEC-7ADF50FBFE8F}.Debug|ARM64.ActiveCfg = Debug|ARM64
		{8C4F19A7-759E-4D52-BAEC-7ADF50FBFE8F}.Debug|ARM64.Build.0 = Debug|ARM64
		{8C4F19A7-759E-4D52-BAEC-7ADF50FBFE8F}.Debug|x64.ActiveCfg = Debug|x64
		{8C4F19A7-759E-4D52-BAEC-7ADF50FBFE8F}.Debug|x64.Build.0 = Debug|x64
		{8C4F19A7-759E-4D52-BAEC-7ADF50FBFE8F}.Release|ARM64.ActiveCfg = Release|ARM64
		{8C4F19A7-759E-4D52-BAEC-7ADF50FBFE8F}.Release|ARM64.Build.0 = Release|ARM64
		{8C4F19A7-759E-4D52-BAEC-7ADF50FBFE8F}.Release|x64.ActiveCfg = Release|x64
		{8C4F19A7-759E-4D52-BAEC-7ADF50FBFE8F}.Release|x64.Build.0 = Release|x64
		{C4E8ED8E-0C3D-4CC6-97B9-B19C2771CFF5}.Debug|ARM64.ActiveCfg = Debug|ARM64
		{C4E8ED8E-0C3D-4CC6-97B9-B19C2771CFF5}.Debug|ARM64.Build.0 = Debug|ARM64
		{C4E8ED8E-0C3D-4CC6-97B9-B19C2771CFF5}.Debug|x64.ActiveCfg = Debug|x64
		{C4E8ED8E-0C3D-4CC6-97B9-B19C2771CFF5}.Debug|x64.Build.0 = Debug|x64
		{C4E8ED8E-0C3D-4CC6-97B9-B19C2771CFF5}.Release|ARM64.ActiveCfg = Release|ARM64
		{C4E8ED8E-0C3D-4CC6-97B9-B19C2771CFF5}.Release|ARM64.Build.0 = Release|ARM64
		{C4E8ED8E-0C3D-4CC6-97B9-B19C2771CFF5}.Release|x64.ActiveCfg = Release|x64
		{C4E8ED8E-0C3D-4CC6-97B9-B19C2771CFF5}.Release|x64.Build.0 = Release|x64
		{DD838C84-D95F-4F70-9BB8-D8CC64EC1786}.Debug|ARM64.ActiveCfg = Debug|ARM64
		{DD838C84-D95F-4F70-9BB8-D8CC64EC1786}.Debug|ARM64.Build.0 = Debug|ARM64
		{DD838C84-D95F-4F70-9BB8-D8CC64EC1786}.Debug|x64.ActiveCfg = Debug|x64
		{DD838C84-D95F-4F70-9BB8-D8CC64EC1786}.Debug|x64.Build.0 = Debug|x64
		{DD838C84-D95F-4F70-9BB8-D8CC64EC1786}.Release|ARM64.ActiveCfg = Release|ARM64
		{DD838C84-D95F-4F70-9BB8-D8CC64EC1786}.Release|ARM64.Build.0 = Release|ARM64
		{DD838C84-D95F-4F70-9BB8-D8CC64EC1786}.Release|x64.ActiveCfg = Release|x64
		{DD838C84-D95F-4F70-9BB8-D8CC64EC1786}.Release|x64.Build.0 = Release|x64
		{577F3B6D-9DD2-492F-B8BA-9E11D4F675F0}.Debug|ARM64.ActiveCfg = Debug|ARM64
		{577F3B6D-9DD2-492F-B8BA-9E11D4F675F0}.Debug|ARM64.Build.0 = Debug|ARM64
		{577F3B6D-9DD2-492F-B8BA-9E11D4F675F0}.Debug|x64.ActiveCfg = Debug|x64
		{577F3B6D-9DD2-492F-B8BA-9E11D4F675F0}.Debug|x64.Build.0 = Debug|x64
		{577F3B6D-9DD2-492F-B8BA-9E11D4F675F0}.Release|ARM64.ActiveCfg = Release|ARM64
		{577F3B6D-9DD2-492F-B8BA-9E11D4F675F0}.Release|ARM64.Build.0 = Release|ARM64
		{577F3B6D-9DD2-492F-B8BA-9E11D4F675F0}.Release|x64.ActiveCfg = Release|x64
		{577F3B6D-9DD2-492F-B8BA-9E11D4F675F0}.Release|x64.Build.0 = Release|x64
		{353F40DF-016A-4C2C-9E73-ADC3EADB3B8A}.Debug|ARM64.ActiveCfg = Debug|ARM64
		{353F40DF-016A-4C2C-9E73-ADC3EADB3B8A}.Debug|ARM64.Build.0 = Debug|ARM64
		{353F40DF-016A-4C2C-9E73-ADC3EADB3B8A}.Debug|x64.ActiveCfg = Debug|x64
		{353F40DF-016A-4C2C-9E73-ADC3EADB3B8A}.Debug|x64.Build.0 = Debug|x64
		{353F40DF-016A-4C2C-9E73-ADC3EADB3B8A}.Release|ARM64.ActiveCfg = Release|ARM64
		{353F40DF-016A-4C2C-9E73-ADC3EADB3B8A}.Release|ARM64.Build.0 = Release|ARM64
		{353F40DF-016A-4C2C-9E73-ADC3EADB3B8A}.Release|x64.ActiveCfg = Release|x64
		{353F40DF-016A-4C2C-9E73-ADC3EADB3B8A}.Release|x64.Build.0 = Release|x64
		{D2C956A0-CD9A-4A4D-8979-19C80735FBA5}.Debug|ARM64.ActiveCfg = Debug|ARM64
		{D2C956A0-CD9A-4A4D-8979-19C80735FBA5}.Debug|ARM64.Build.0 = Debug|ARM64
		{D2C956A0-CD9A-4A4D-8979-19C80735FBA5}.Debug|x64.ActiveCfg = Debug|x64
		{D2C956A0-CD9A-4A4D-8979-19C80735FBA5}.Debug|x64.Build.0 = Debug|x64
		{D2C956A0-CD9A-4A4D-8979-19C80735FBA5}.Release|ARM64.ActiveCfg = Release|ARM64
		{D2C956A0-CD9A-4A4D-8979-19C80735FBA5}.Release|ARM64.Build.0 = Release|ARM64
		{D2C956A0-CD9A-4A4D-8979-19C80735FBA5}.Release|x64.ActiveCfg = Release|x64
		{D2C956A0-CD9A-4A4D-8979-19C80735FBA5}.Release|x64.Build.0 = Release|x64
	EndGlobalSection
	GlobalSection(SolutionProperties) = preSolution
		HideSolutionNode = FALSE
	EndGlobalSection
	GlobalSection(NestedProjects) = preSolution
		{5E4334B0-CB9F-4132-AF8F-FAFC1A148FE7} = {4CFC1B42-B626-4CDE-914C-B9441DC26F23}
		{8C4F19A7-759E-4D52-BAEC-7ADF50FBFE8F} = {4CFC1B42-B626-4CDE-914C-B9441DC26F23}
		{C4E8ED8E-0C3D-4CC6-97B9-B19C2771CFF5} = {4CFC1B42-B626-4CDE-914C-B9441DC26F23}
	EndGlobalSection
	GlobalSection(ExtensibilityGlobals) = postSolution
		SolutionGuid = {45BEB696-6400-455C-A0B8-C6D1BC9678D8}
	EndGlobalSection
EndGlobal
